
Microsoft Visual Studio Solution File, Format Version 12.00
# Visual Studio Version 16
VisualStudioVersion = 16.0.29519.181
MinimumVisualStudioVersion = 10.0.40219.1
Project("{9A19103F-16F7-4668-BE54-9A1E7A4F7556}") = "ApiScool", "ApiScool.csproj", "{FBF880F7-4C63-4CD0-9609-D81BF6AE3CE5}"
EndProject
Global
	GlobalSection(SolutionConfigurationPlatforms) = preSolution
		Debug|Any CPU = Debug|Any CPU
		Release|Any CPU = Release|Any CPU
	EndGlobalSection
	GlobalSection(ProjectConfigurationPlatforms) = postSolution
		{FBF880F7-4C63-4CD0-9609-D81BF6AE3CE5}.Debug|Any CPU.ActiveCfg = Debug|Any CPU
		{FBF880F7-4C63-4CD0-9609-D81BF6AE3CE5}.Debug|Any CPU.Build.0 = Debug|Any CPU
		{FBF880F7-4C63-4CD0-9609-D81BF6AE3CE5}.Release|Any CPU.ActiveCfg = Release|Any CPU
		{FBF880F7-4C63-4CD0-9609-D81BF6AE3CE5}.Release|Any CPU.Build.0 = Release|Any CPU
	EndGlobalSection
	GlobalSection(SolutionProperties) = preSolution
		HideSolutionNode = FALSE
	EndGlobalSection
	GlobalSection(ExtensibilityGlobals) = postSolution
		SolutionGuid = {F3E2F623-37BA-4503-B586-47A65A0AF56A}
	EndGlobalSection
EndGlobal
